{
    "name": "application",
    "lockfileVersion": 3,
    "requires": true,
    "packages": {
        "": {
            "dependencies": {
                "@codbex/codbex-hestia": "0.3.0",
                "@codbex/codbex-hestia-print": "0.2.0",
                "@codbex/codbex-inventory": "0.5.0",
                "@codbex/codbex-invoice-inventory-ext": "0.2.0",
                "@codbex/codbex-invoices": "0.5.0",
                "@codbex/codbex-number-generator-data": "0.2.0",
                "@codbex/codbex-order-inventory-ext": "0.3.0",
                "@codbex/codbex-order-invoice-ext": "0.3.0",
                "@codbex/codbex-order-payment-ext": "0.1.0",
                "@codbex/codbex-orders": "0.5.0",
                "@codbex/codbex-payment-invoice-ext": "0.1.0",
                "@codbex/codbex-payment-order-ext": "0.1.0",
                "@codbex/codbex-products": "0.5.0",
                "@codbex/ide-branding": "0.1.0"
            }
        },
        "node_modules/@codbex/codbex-cities": {
            "version": "0.3.0",
            "resolved": "https://npm.pkg.github.com/download/@codbex/codbex-cities/0.3.0/8ae6d0d8b1ee05d793b7fab06248b25082b0bbdc",
            "integrity": "sha512-ygBtJJ/71mBAM2bYgp1Km0OcQ6xNRzO5ViHKx/FIcRNPbXwrJAEj4yo/uTDbxA7+m80UuIvZf2zM/De4xPZSlA==",
            "dependencies": {
                "@codbex/codbex-countries": "0.3.0"
            }
        },
        "node_modules/@codbex/codbex-companies": {
            "version": "0.4.0",
            "resolved": "https://npm.pkg.github.com/download/@codbex/codbex-companies/0.4.0/5634afe7afd10ded694bf7739761d03a8d8995f3",
            "integrity": "sha512-AMMSwaWFuJGQRgHLLf/vz7jk95Mnwj7toRDPyY81ezLwO5LSW4W9+dIDF+UqLRM/PqpK5jmAUwTVTPaVisxNQQ==",
            "dependencies": {
                "@codbex/codbex-cities": "0.3.0",
                "@codbex/codbex-countries": "0.3.0"
            }
        },
        "node_modules/@codbex/codbex-countries": {
            "version": "0.3.0",
            "resolved": "https://npm.pkg.github.com/download/@codbex/codbex-countries/0.3.0/2a62b4a2208f8d007fc8635aaf639bb5fba9f5cc",
            "integrity": "sha512-1nZtJg4Tb3R4f9BSHQEbkE8A8lZoMaBvbSzm+eJPe63+pSW47CID2Ozzt8nMREXCmO7onLh2Uuj5uKthF+73+w=="
        },
        "node_modules/@codbex/codbex-currencies": {
            "version": "0.3.0",
            "resolved": "https://npm.pkg.github.com/download/@codbex/codbex-currencies/0.3.0/fb45fc74eac5632dbd03861dee8e4ed1293fbd13",
            "integrity": "sha512-OaIECsjEkv7pikSdQ2TjjEXbU94WLX48tomLElUwe7a3w0NkUDZsh7Z/HdodB3oixYSFZKKNlAeAXjAQzNBQiQ=="
        },
        "node_modules/@codbex/codbex-employees": {
            "version": "0.4.0",
            "resolved": "https://npm.pkg.github.com/download/@codbex/codbex-employees/0.4.0/d35dcce7bbd5c621d624228d44d81d9f1f514a92",
            "integrity": "sha512-T1Q90gCxGeJ3fknAMeXLEBZPzQZz7HjMpF9tym4BoEQttoHw6w+wv9GygFJ5JqNI658P5StoBkCINPOQtJIt9Q=="
        },
        "node_modules/@codbex/codbex-hestia": {
            "version": "0.3.0",
            "resolved": "https://npm.pkg.github.com/download/@codbex/codbex-hestia/0.3.0/1484f353221ed0a1dfd34bdc056cfbf37534f11a",
            "integrity": "sha512-wIAHTjyh/YzmJGWyHkTYKXUpyf1d4z75ab4rztxxE3FbRYWucaOEGfK+b8r2eTiw95Aw9P9Y89/x6mFztY9Whg=="
        },
        "node_modules/@codbex/codbex-hestia-print": {
            "version": "0.2.0",
            "resolved": "https://npm.pkg.github.com/download/@codbex/codbex-hestia-print/0.2.0/a9164578af47b01d6263ab22bb8b69203ab7dab6",
            "integrity": "sha512-Bw/TK4Bfgwo7LfdlEUAYPxvW7oTs/uaGgld3wDwOEHRO9dKzv/14gA4yjvrKECLrAGpa/qSbJksxFAdCIokKKQ=="
        },
        "node_modules/@codbex/codbex-inventory": {
            "version": "0.5.0",
            "resolved": "https://npm.pkg.github.com/download/@codbex/codbex-inventory/0.5.0/b70561212e692ebdb752c10206b7548bb249ef1b",
            "integrity": "sha512-htmgN9pjxRZMwvPe7onorkofFeajTBLJYQFJBZxs65h0qq/ZMRVsgwKsof/RDV2vr49xIuqpjSDqaHh98LTA0A==",
            "dependencies": {
                "@codbex/codbex-cities": "0.3.0",
                "@codbex/codbex-companies": "0.4.0",
                "@codbex/codbex-countries": "0.3.0",
                "@codbex/codbex-currencies": "0.3.0",
                "@codbex/codbex-products": "0.5.0"
            }
        },
        "node_modules/@codbex/codbex-invoice-inventory-ext": {
            "version": "0.2.0",
            "resolved": "https://npm.pkg.github.com/download/@codbex/codbex-invoice-inventory-ext/0.2.0/4be7081025946eb06365dbb7a44dc09c62adc7ba",
            "integrity": "sha512-VioK4osEl1hwC0Xf07kOxZx1oCkm/onn9GP1w095bo1PSw+Tds7Tkpuu1Ng/EydkwoGGKTUDOM8EWRjSZ/cRQQ=="
        },
        "node_modules/@codbex/codbex-invoices": {
            "version": "0.5.0",
            "resolved": "https://npm.pkg.github.com/download/@codbex/codbex-invoices/0.5.0/e43892d1b5391b46302f06db7a4736f639754ee3",
            "integrity": "sha512-8kSqEy20KLvvKNxHWczD2nqOZHvEbFLBSnK7g/6PCl+gToH5dyBVamwI9i35NfesY1IejCVDJa0K47yblO4u4A==",
            "dependencies": {
                "@codbex/codbex-cities": "0.3.0",
                "@codbex/codbex-companies": "0.4.0",
                "@codbex/codbex-countries": "0.3.0",
                "@codbex/codbex-currencies": "0.3.0",
                "@codbex/codbex-employees": "0.4.0",
                "@codbex/codbex-methods": "0.3.0",
                "@codbex/codbex-number-generator": "0.3.0",
                "@codbex/codbex-partners": "0.4.0",
                "@codbex/codbex-payments": "0.5.0",
                "@codbex/codbex-products": "0.5.0",
                "@codbex/codbex-uoms": "0.4.0"
            }
        },
        "node_modules/@codbex/codbex-methods": {
            "version": "0.3.0",
            "resolved": "https://npm.pkg.github.com/download/@codbex/codbex-methods/0.3.0/72f8f38f657b738aa75433c15784b17cddc7d852",
            "integrity": "sha512-dGs/WF+0YBFpqOf6X2ypCJihIkFCa4LfqxTAWAtJvbA4+ub6spJ0HxywLMlBjVpp+//3njKBCaWDj7KzjfuuGg=="
        },
        "node_modules/@codbex/codbex-number-generator": {
            "version": "0.3.0",
            "resolved": "https://npm.pkg.github.com/download/@codbex/codbex-number-generator/0.3.0/28edc7dcdf2f5ae7983a164990b05173c00dccd3",
            "integrity": "sha512-pOMloVdBbQbyishfJmWk1WHomyGIFOsyd257C7iXkBpgRPSXw2E+QNltpuqZ2Bbq5LSbclrc/c14GWeSWtn7WQ=="
        },
        "node_modules/@codbex/codbex-number-generator-data": {
            "version": "0.2.0",
            "resolved": "https://npm.pkg.github.com/download/@codbex/codbex-number-generator-data/0.2.0/fcda50c715dc2d68dfe80991f340f194f8aef7c3",
            "integrity": "sha512-3RUxmer7JxWmQhvWnF3GfFoGIKOYDVjIlwquRMNMJtUlc8gwVbpnRu4hZp0LP2xN1PZ0W6veNgGrQl0SjhUWkw=="
        },
        "node_modules/@codbex/codbex-order-inventory-ext": {
            "version": "0.3.0",
            "resolved": "https://npm.pkg.github.com/download/@codbex/codbex-order-inventory-ext/0.3.0/c50344341af9a76945bd39fd73311796944c489d",
            "integrity": "sha512-sgGXwFW2s9a2kaXM65YzikcSUmzkduluuTxJk0FYGhGh3EA/Bfi2k3qmlpjNBqxeVe1knwl3L2l+CvDczmmHEA=="
        },
        "node_modules/@codbex/codbex-order-invoice-ext": {
            "version": "0.3.0",
            "resolved": "https://npm.pkg.github.com/download/@codbex/codbex-order-invoice-ext/0.3.0/bd0d5d6cd6e5052a2ae9ac2f53fb1b2c20928a72",
            "integrity": "sha512-+Nzsb0s5p98akzkdjxgptg1NIh8DlH815pTzSNIBc44BgCNUw7sT/Ci0ayc4FbLcn42XnqDL3BQTb+yBz0XsHg=="
        },
        "node_modules/@codbex/codbex-order-payment-ext": {
            "version": "0.1.0",
            "resolved": "https://npm.pkg.github.com/download/@codbex/codbex-order-payment-ext/0.1.0/9c936c640e7e66392526e0d9b6deabe68f6bc0c8",
            "integrity": "sha512-mnFaXkTH1ouYkIS+Tlvq9yixBPOXEPo4mm4h4jFSAq7bR83ZuMANtMP6JmP0Pm6QY/7DXgE/P8WZkUN+bmeaRw=="
        },
        "node_modules/@codbex/codbex-orders": {
            "version": "0.5.0",
            "resolved": "https://npm.pkg.github.com/download/@codbex/codbex-orders/0.5.0/c97711054bc36251eddc05a57da28060922ec6df",
            "integrity": "sha512-niXGJCvAsUvxhOAVVs67qeeVZsk+Fq7UyDfSh265GW5oE8tNgC5gXfHMdEym6GtxWv8M3Z04WnhZoBxnwbQO1Q==",
            "dependencies": {
                "@codbex/codbex-cities": "0.3.0",
                "@codbex/codbex-currencies": "0.3.0",
                "@codbex/codbex-employees": "0.4.0",
                "@codbex/codbex-methods": "0.3.0",
                "@codbex/codbex-number-generator": "0.3.0",
                "@codbex/codbex-partners": "0.4.0",
                "@codbex/codbex-payments": "0.5.0",
                "@codbex/codbex-products": "0.5.0"
            }
        },
        "node_modules/@codbex/codbex-partners": {
            "version": "0.4.0",
            "resolved": "https://npm.pkg.github.com/download/@codbex/codbex-partners/0.4.0/18107052bcff040d38cff7875c27c8c35a4b6542",
            "integrity": "sha512-akp0YZoMzB0y0U1rwXEd+WAAEPCTMwmrANWrQNt0ltT+fNs1kaEaH3/tdNMrgZEMVXNRakXU/bbaEqiyLxwtiA=="
        },
        "node_modules/@codbex/codbex-payment-invoice-ext": {
            "version": "0.1.0",
            "resolved": "https://npm.pkg.github.com/download/@codbex/codbex-payment-invoice-ext/0.1.0/59c2f996293f26b2356ccc4f1eda9a6983bccb4a",
            "integrity": "sha512-PEyANnIqrFStppoVBG9SDX6GE4cWc5wjO06FtqISndwUgDlLmUfItmzFWA6o/AT9fPZ3Jux7ZNfDJmJWs8oChA=="
        },
        "node_modules/@codbex/codbex-payment-order-ext": {
            "version": "0.1.0",
            "resolved": "https://npm.pkg.github.com/download/@codbex/codbex-payment-order-ext/0.1.0/fc65e5598e25331abd50531013ecd76540edc97b",
            "integrity": "sha512-L9XF6wjhcmmmdCcSNrLc+1uSxaK7ArwIUpbgBOvmlMKzo9oJC97e0dbcpGIwLDYmhB6OT7In0S/yEQq9WzTgXg=="
        },
        "node_modules/@codbex/codbex-payments": {
            "version": "0.5.0",
            "resolved": "https://npm.pkg.github.com/download/@codbex/codbex-payments/0.5.0/8d7d1b5684afdc2d5dd71a8bce35a3ecf6441977",
            "integrity": "sha512-94S5VBzJjHMMW5pWZZ25pZvn4bwGyV6ze8F/Ss5Ybsil//8sYBIOxUrIqzaJO79c6bpQnl84tg3IAh2p8O/ffw==",
            "dependencies": {
                "@codbex/codbex-currencies": "0.3.0",
                "@codbex/codbex-employees": "0.4.0",
                "@codbex/codbex-partners": "0.4.0"
            }
        },
        "node_modules/@codbex/codbex-products": {
            "version": "0.5.0",
            "resolved": "https://npm.pkg.github.com/download/@codbex/codbex-products/0.5.0/340eeff53b6292b2608baebfe649e0c675698c3d",
            "integrity": "sha512-DpvdYz93ptfqOwsoUu/0yyj1HYzMDpeksAFmVBtSc6W0fPY1pXfhSVefVMKYifxE/B/AQRyrNqblSX6wyiMD6A==",
            "dependencies": {
                "@codbex/codbex-companies": "0.4.0",
                "@codbex/codbex-partners": "0.4.0",
                "@codbex/codbex-uoms": "0.3.0"
            }
        },
        "node_modules/@codbex/codbex-products/node_modules/@codbex/codbex-uoms": {
            "version": "0.3.0",
            "resolved": "https://npm.pkg.github.com/download/@codbex/codbex-uoms/0.3.0/3ca7d809f4793790cc60c0ea52280569dd7dbe3a",
            "integrity": "sha512-S01wAjWrxbA0nCS2aoipiWJUKm7/FsQh3qySoDmgs/d1Ei7dRJL0bna3MRb/ygmFqoex71ymGDbN7m7tEvhQ8Q=="
        },
        "node_modules/@codbex/codbex-uoms": {
            "version": "0.4.0",
            "resolved": "https://npm.pkg.github.com/download/@codbex/codbex-uoms/0.4.0/2a3dbf03ff076649bd0c6d5c32ca5b0c4c191eb7",
            "integrity": "sha512-YTClTHhWIFxLxUAx0FCfw0JAaWAtIp/akKiB3xmRZ8zC7eZ0N2WzZA4HapwurfDYiuLWhU8Pdt3NUmkowDb84Q=="
        },
        "node_modules/@codbex/ide-branding": {
            "version": "0.1.0",
            "resolved": "https://npm.pkg.github.com/download/@codbex/ide-branding/0.1.0/ecf9569a855bb38b27d9c13538fa8721c37058da",
            "integrity": "sha512-9emxIvN/UnsvhQSc7vMp9395J6duhcaJyFXshUaPRXY4JjMBsoipufczW3i3nOnyBVWxdmVUJZ4nGsFjXjHb3Q=="
        }
    }
}
