{
    "name": "application",
    "lockfileVersion": 3,
    "requires": true,
    "packages": {
        "": {
            "dependencies": {
                "@codbex/codbex-hestia": "0.3.0",
                "@codbex/codbex-hestia-print": "0.2.0",
                "@codbex/codbex-inventory": "0.3.0",
                "@codbex/codbex-inventory-data": "0.3.0",
                "@codbex/codbex-invoice-inventory-ext": "0.2.0",
                "@codbex/codbex-invoices": "0.3.0",
                "@codbex/codbex-invoices-data": "0.3.0",
                "@codbex/codbex-number-generator-data": "0.2.0",
                "@codbex/codbex-order-inventory-ext": "0.3.0",
                "@codbex/codbex-order-invoice-ext": "0.3.0",
                "@codbex/codbex-order-payment-ext": "0.1.0",
                "@codbex/codbex-orders": "0.4.0",
                "@codbex/codbex-orders-data": "0.3.0",
                "@codbex/codbex-payment-invoice-ext": "0.1.0",
                "@codbex/codbex-payment-order-ext": "0.1.0",
                "@codbex/codbex-products": "0.3.0",
                "@codbex/codbex-products-data": "0.3.0",
                "@codbex/ide-branding": "0.1.0"
            }
        },
        "node_modules/@codbex/codbex-cities": {
            "version": "0.2.0",
            "resolved": "https://npm.pkg.github.com/download/@codbex/codbex-cities/0.2.0/28ab459856e5ba641efb01eee593932197423efd",
            "integrity": "sha512-bESm8OO+TGTztQEdltfrN+aI8LfEJYfk8YoxBe2V+eAc72ERXquSWWGfNNS3q3MuEzx6fjlK2+awaX8OOmOKTQ==",
            "dependencies": {
                "@codbex/codbex-countries": "0.2.0",
                "@codbex/codbex-countries-data": "0.2.0"
            }
        },
        "node_modules/@codbex/codbex-companies": {
            "version": "0.3.0",
            "resolved": "https://npm.pkg.github.com/download/@codbex/codbex-companies/0.3.0/57ad1ba45f3b13fa443c470398f53673e759c15d",
            "integrity": "sha512-Cs6KA8QRL3C6VcP2Xo91vzkIM59QwAR5IDH1VDy81p6hfvs0S5KUh2XxFstbDRJBE15Y7ilaMO24VqGxN48RKQ==",
            "dependencies": {
                "@codbex/codbex-cities": "0.2.0",
                "@codbex/codbex-countries": "0.2.0",
                "@codbex/codbex-countries-data": "0.2.0"
            }
        },
        "node_modules/@codbex/codbex-countries": {
            "version": "0.2.0",
            "resolved": "https://npm.pkg.github.com/download/@codbex/codbex-countries/0.2.0/ecf9d390e4a761d6d0aa66667f58a9ea98386f0a",
            "integrity": "sha512-nH3Rz5NEv56tFnuP4YI4j7qUvPF40UalbK9evf4OEZnGeEDWDEijBVv9290NM6/RNz5AtWNeV5w+84Goth2GIw=="
        },
        "node_modules/@codbex/codbex-countries-data": {
            "version": "0.2.0",
            "resolved": "https://npm.pkg.github.com/download/@codbex/codbex-countries-data/0.2.0/775b16e1a9bedf417f03ecb8aafd1825b14fe991",
            "integrity": "sha512-5jOFQuirit5TcbP4DdFP+eWo/yP/u4+xSetjPJjeNq5MO1gTXjIr2k01vuJOkUmP6h/cLJx5CajAmfp0E5Uppw=="
        },
        "node_modules/@codbex/codbex-currencies": {
            "version": "0.2.0",
            "resolved": "https://npm.pkg.github.com/download/@codbex/codbex-currencies/0.2.0/729020f5000bfc1a76a22f1cb5c65f8846b68413",
            "integrity": "sha512-wgE9OyxwzCfAiOgBBG0V14Np1tjhW3XL1mO8HX4R0LQkr6+/1oK0YHoa5p5vM+pKCuka34SDIdh2+KPojuC0IQ=="
        },
        "node_modules/@codbex/codbex-currencies-data": {
            "version": "0.2.0",
            "resolved": "https://npm.pkg.github.com/download/@codbex/codbex-currencies-data/0.2.0/f8b543feff1b639096ac494c427cf1a74834d8b3",
            "integrity": "sha512-HZhCcFyOUE9OyfZHlK5Dx7lLNpcXqOEqSHVRWo7UqgFKKXgSx8cQYd0P/3LEaLmmZZ8FQYfmvW8OZ70IR3XY5g=="
        },
        "node_modules/@codbex/codbex-employees": {
            "version": "0.3.0",
            "resolved": "https://npm.pkg.github.com/download/@codbex/codbex-employees/0.3.0/1b220c6e80b16b35a2e5c8b331adda7804791b63",
            "integrity": "sha512-WTfIBwKXPBsdGbTJMYJmQWchqDyfqQg7MnAM0vOytVrm/u9QEwtoP7BGs7shG0bGPvAyDHGyeM6yRHNjd/66DQ=="
        },
        "node_modules/@codbex/codbex-hestia": {
            "version": "0.3.0",
            "resolved": "https://npm.pkg.github.com/download/@codbex/codbex-hestia/0.3.0/1484f353221ed0a1dfd34bdc056cfbf37534f11a",
            "integrity": "sha512-wIAHTjyh/YzmJGWyHkTYKXUpyf1d4z75ab4rztxxE3FbRYWucaOEGfK+b8r2eTiw95Aw9P9Y89/x6mFztY9Whg=="
        },
        "node_modules/@codbex/codbex-hestia-print": {
            "version": "0.2.0",
            "resolved": "https://npm.pkg.github.com/download/@codbex/codbex-hestia-print/0.2.0/a9164578af47b01d6263ab22bb8b69203ab7dab6",
            "integrity": "sha512-Bw/TK4Bfgwo7LfdlEUAYPxvW7oTs/uaGgld3wDwOEHRO9dKzv/14gA4yjvrKECLrAGpa/qSbJksxFAdCIokKKQ=="
        },
        "node_modules/@codbex/codbex-inventory": {
            "version": "0.3.0",
            "resolved": "https://npm.pkg.github.com/download/@codbex/codbex-inventory/0.3.0/7590be13173e0537e37b3c2e7c5090182864d163",
            "integrity": "sha512-OUApO2nazZwfvu7WuTL0ET2EKCSlmW6nC0ez+/Ju5cfgdTmIClBoMkdlfOx7/WZOjWWEDqKJHOL+W4zvDFJM0g==",
            "dependencies": {
                "@codbex/codbex-cities": "0.2.0",
                "@codbex/codbex-companies": "0.3.0",
                "@codbex/codbex-countries": "0.2.0",
                "@codbex/codbex-countries-data": "0.2.0",
                "@codbex/codbex-currencies": "0.2.0",
                "@codbex/codbex-currencies-data": "0.2.0",
                "@codbex/codbex-products": "0.3.0",
                "@codbex/codbex-products-data": "0.3.0"
            }
        },
        "node_modules/@codbex/codbex-inventory-data": {
            "version": "0.3.0",
            "resolved": "https://npm.pkg.github.com/download/@codbex/codbex-inventory-data/0.3.0/4066435690412c81fb99e75734083c790fb414a6",
            "integrity": "sha512-bpjU1zIXNt/fC8Bc9HRPO/l+oAtAZKmTmqW9lSUKfGDqNOPAfWKVdDuqoeOkdwU9mmjF9Tx97YFshCoBplYlnQ=="
        },
        "node_modules/@codbex/codbex-invoice-inventory-ext": {
            "version": "0.2.0",
            "resolved": "https://npm.pkg.github.com/download/@codbex/codbex-invoice-inventory-ext/0.2.0/4be7081025946eb06365dbb7a44dc09c62adc7ba",
            "integrity": "sha512-VioK4osEl1hwC0Xf07kOxZx1oCkm/onn9GP1w095bo1PSw+Tds7Tkpuu1Ng/EydkwoGGKTUDOM8EWRjSZ/cRQQ=="
        },
        "node_modules/@codbex/codbex-invoices": {
            "version": "0.3.0",
            "resolved": "https://npm.pkg.github.com/download/@codbex/codbex-invoices/0.3.0/078ba577606d82b0c17a69529cef69117e3106e6",
            "integrity": "sha512-nHwOHh2B60FnwDteyZ6zDAKDdLK3MPUfJJnrgqJW8jqbBxv1XYxFvQ8FQ9xfVCpBTqlA3jYfHRjHbFxtCFStkA==",
            "dependencies": {
                "@codbex/codbex-cities": "0.2.0",
                "@codbex/codbex-companies": "0.3.0",
                "@codbex/codbex-countries": "0.2.0",
                "@codbex/codbex-countries-data": "0.2.0",
                "@codbex/codbex-currencies": "0.2.0",
                "@codbex/codbex-currencies-data": "0.2.0",
                "@codbex/codbex-employees": "0.3.0",
                "@codbex/codbex-methods": "0.2.0",
                "@codbex/codbex-methods-data": "0.2.0",
                "@codbex/codbex-number-generator": "0.3.0",
                "@codbex/codbex-partners": "0.3.0",
                "@codbex/codbex-payments": "0.3.0",
                "@codbex/codbex-payments-data": "0.3.0",
                "@codbex/codbex-products": "0.3.0",
                "@codbex/codbex-products-data": "0.3.0",
                "@codbex/codbex-uoms": "0.3.0"
            }
        },
        "node_modules/@codbex/codbex-invoices-data": {
            "version": "0.3.0",
            "resolved": "https://npm.pkg.github.com/download/@codbex/codbex-invoices-data/0.3.0/2bcbe3d79fdad97be13c7a038cd9dd76a5267e3a",
            "integrity": "sha512-bSaUNbmMZmvMbAq7rD/ymQ8rsrlcttjt06ENHNOWrNSdTW6dvjyDiN6KvfFoN90m9kfZYKdDoZjYbak25p7f5w=="
        },
        "node_modules/@codbex/codbex-methods": {
            "version": "0.2.0",
            "resolved": "https://npm.pkg.github.com/download/@codbex/codbex-methods/0.2.0/7b81068bd90df636f5aaac5dd8eacfc6d96062af",
            "integrity": "sha512-RPOt782u6fE7fUz6OdkGM6XeJXxsKeAq9o78cAsRG2l3Xw1yYAGVlh8fG/ADJQllVtLYzTH2s9wsaoHjCbWEnA=="
        },
        "node_modules/@codbex/codbex-methods-data": {
            "version": "0.2.0",
            "resolved": "https://npm.pkg.github.com/download/@codbex/codbex-methods-data/0.2.0/b7c1815d60cfec5bcbc9d5c970844303b0b3be48",
            "integrity": "sha512-6w5M9eyTT1pgyoMLD3nzpz3Wj1apPsNK3vhWQRmFHQ8j8cg4IDK+NbGUtekG3223V7lH6d/kyvz3+qxtSbn2Eg=="
        },
        "node_modules/@codbex/codbex-number-generator": {
            "version": "0.3.0",
            "resolved": "https://npm.pkg.github.com/download/@codbex/codbex-number-generator/0.3.0/28edc7dcdf2f5ae7983a164990b05173c00dccd3",
            "integrity": "sha512-pOMloVdBbQbyishfJmWk1WHomyGIFOsyd257C7iXkBpgRPSXw2E+QNltpuqZ2Bbq5LSbclrc/c14GWeSWtn7WQ=="
        },
        "node_modules/@codbex/codbex-number-generator-data": {
            "version": "0.2.0",
            "resolved": "https://npm.pkg.github.com/download/@codbex/codbex-number-generator-data/0.2.0/fcda50c715dc2d68dfe80991f340f194f8aef7c3",
            "integrity": "sha512-3RUxmer7JxWmQhvWnF3GfFoGIKOYDVjIlwquRMNMJtUlc8gwVbpnRu4hZp0LP2xN1PZ0W6veNgGrQl0SjhUWkw=="
        },
        "node_modules/@codbex/codbex-order-inventory-ext": {
            "version": "0.3.0",
            "resolved": "https://npm.pkg.github.com/download/@codbex/codbex-order-inventory-ext/0.3.0/c50344341af9a76945bd39fd73311796944c489d",
            "integrity": "sha512-sgGXwFW2s9a2kaXM65YzikcSUmzkduluuTxJk0FYGhGh3EA/Bfi2k3qmlpjNBqxeVe1knwl3L2l+CvDczmmHEA=="
        },
        "node_modules/@codbex/codbex-order-invoice-ext": {
            "version": "0.3.0",
            "resolved": "https://npm.pkg.github.com/download/@codbex/codbex-order-invoice-ext/0.3.0/bd0d5d6cd6e5052a2ae9ac2f53fb1b2c20928a72",
            "integrity": "sha512-+Nzsb0s5p98akzkdjxgptg1NIh8DlH815pTzSNIBc44BgCNUw7sT/Ci0ayc4FbLcn42XnqDL3BQTb+yBz0XsHg=="
        },
        "node_modules/@codbex/codbex-order-payment-ext": {
            "version": "0.1.0",
            "resolved": "https://npm.pkg.github.com/download/@codbex/codbex-order-payment-ext/0.1.0/9c936c640e7e66392526e0d9b6deabe68f6bc0c8",
            "integrity": "sha512-mnFaXkTH1ouYkIS+Tlvq9yixBPOXEPo4mm4h4jFSAq7bR83ZuMANtMP6JmP0Pm6QY/7DXgE/P8WZkUN+bmeaRw=="
        },
        "node_modules/@codbex/codbex-orders": {
            "version": "0.4.0",
            "resolved": "https://npm.pkg.github.com/download/@codbex/codbex-orders/0.4.0/161f65562194e899efdb0153b4ef188823bc162c",
            "integrity": "sha512-rD2Fnun0+h05pr80PfQuzF1eqKAU9s/+Fwxok4R/svga+9x1k/XHn2pmXlbZCOCWOLasMNzMTaAYK6eCmjlrcQ==",
            "dependencies": {
                "@codbex/codbex-cities": "0.2.0",
                "@codbex/codbex-currencies": "0.2.0",
                "@codbex/codbex-employees": "0.3.0",
                "@codbex/codbex-methods": "0.2.0",
                "@codbex/codbex-number-generator": "0.3.0",
                "@codbex/codbex-partners": "0.3.0",
                "@codbex/codbex-payments": "0.3.0",
                "@codbex/codbex-products": "0.3.0"
            }
        },
        "node_modules/@codbex/codbex-orders-data": {
            "version": "0.3.0",
            "resolved": "https://npm.pkg.github.com/download/@codbex/codbex-orders-data/0.3.0/c4ac0397e2a0987f8a39cb6f512c44d9cc05c9c8",
            "integrity": "sha512-Pw3pTuDu/chNGoYeqHtNbuEOtXPYXXv6fIofi6/j8BOwYLoqxneATCO0ly7uvhLcfXgrMJ8iMKH3oisIjqdkwQ=="
        },
        "node_modules/@codbex/codbex-partners": {
            "version": "0.3.0",
            "resolved": "https://npm.pkg.github.com/download/@codbex/codbex-partners/0.3.0/920b5769aa212e24cd27bf9735043371f5cb6f3c",
            "integrity": "sha512-GiUz2Xg/eJCwggg2JukoyZB/hGL3W1DcAukB5yc8YQSgw/u4GZLgFFLGqXfqouVpU65RAyLoi9+PCNS5nyBVyw=="
        },
        "node_modules/@codbex/codbex-payment-invoice-ext": {
            "version": "0.1.0",
            "resolved": "https://npm.pkg.github.com/download/@codbex/codbex-payment-invoice-ext/0.1.0/59c2f996293f26b2356ccc4f1eda9a6983bccb4a",
            "integrity": "sha512-PEyANnIqrFStppoVBG9SDX6GE4cWc5wjO06FtqISndwUgDlLmUfItmzFWA6o/AT9fPZ3Jux7ZNfDJmJWs8oChA=="
        },
        "node_modules/@codbex/codbex-payment-order-ext": {
            "version": "0.1.0",
            "resolved": "https://npm.pkg.github.com/download/@codbex/codbex-payment-order-ext/0.1.0/fc65e5598e25331abd50531013ecd76540edc97b",
            "integrity": "sha512-L9XF6wjhcmmmdCcSNrLc+1uSxaK7ArwIUpbgBOvmlMKzo9oJC97e0dbcpGIwLDYmhB6OT7In0S/yEQq9WzTgXg=="
        },
        "node_modules/@codbex/codbex-payments": {
            "version": "0.3.0",
            "resolved": "https://npm.pkg.github.com/download/@codbex/codbex-payments/0.3.0/373c0c0a9215606342cca4c7ddd4dcb5b4fe5421",
            "integrity": "sha512-CsT2g/BOfb4121YxvDaiOTJ0U38LyHwDk21Xzwi9sJHWyzrW+ENRkftWn/FEDc9A2+6jRrkQJcOg5gicsT4Abw==",
            "dependencies": {
                "@codbex/codbex-currencies": "0.2.0",
                "@codbex/codbex-currencies-data": "0.2.0",
                "@codbex/codbex-employees": "0.3.0",
                "@codbex/codbex-partners": "0.3.0"
            }
        },
        "node_modules/@codbex/codbex-payments-data": {
            "version": "0.3.0",
            "resolved": "https://npm.pkg.github.com/download/@codbex/codbex-payments-data/0.3.0/e08b1fa5cc52b2e31e34f49b1868feb30c31b755",
            "integrity": "sha512-GAuOtmp6+f1WZ7d/YQ+XhY935IAySQtfDt+wLp9KGXhs/Q7ANv4xRdbp1j92qGUStY60kxaACBViJ3e0gmRANg=="
        },
        "node_modules/@codbex/codbex-products": {
            "version": "0.3.0",
            "resolved": "https://npm.pkg.github.com/download/@codbex/codbex-products/0.3.0/80e7416578caaedc9fc6fd06ac39f0e43f6742a5",
            "integrity": "sha512-NIc4CKKMfbyLdQyjZY1BzQDJ8lNRIsdv1vhPXybKJu0n+IKCzYaFIxc1x3NwqSxJBMUH6dYlV06yrOVzeKkUBA==",
            "dependencies": {
                "@codbex/codbex-companies": "0.3.0",
                "@codbex/codbex-partners": "0.3.0",
                "@codbex/codbex-uoms": "0.3.0"
            }
        },
        "node_modules/@codbex/codbex-products-data": {
            "version": "0.3.0",
            "resolved": "https://npm.pkg.github.com/download/@codbex/codbex-products-data/0.3.0/70fc3a31064e6b92602e71f1a717009f308b3eb1",
            "integrity": "sha512-dSohx+OZpfsLNjBwckTPaMG6ymwT2Mpp6mthk4M9IC8Ftub0HboVEEDeYJoRFZh+GJ21AI7accteC6y8nLf20Q=="
        },
        "node_modules/@codbex/codbex-uoms": {
            "version": "0.3.0",
            "resolved": "https://npm.pkg.github.com/download/@codbex/codbex-uoms/0.3.0/3ca7d809f4793790cc60c0ea52280569dd7dbe3a",
            "integrity": "sha512-S01wAjWrxbA0nCS2aoipiWJUKm7/FsQh3qySoDmgs/d1Ei7dRJL0bna3MRb/ygmFqoex71ymGDbN7m7tEvhQ8Q=="
        },
        "node_modules/@codbex/ide-branding": {
            "version": "0.1.0",
            "resolved": "https://npm.pkg.github.com/download/@codbex/ide-branding/0.1.0/ecf9569a855bb38b27d9c13538fa8721c37058da",
            "integrity": "sha512-9emxIvN/UnsvhQSc7vMp9395J6duhcaJyFXshUaPRXY4JjMBsoipufczW3i3nOnyBVWxdmVUJZ4nGsFjXjHb3Q=="
        }
    }
}
